
Microsoft Visual Studio Solution File, Format Version 12.00
# Visual Studio Version 17
VisualStudioVersion = 17.9.34728.123
MinimumVisualStudioVersion = 10.0.40219.1
Project("{FAE04EC0-301F-11D3-BF4B-00C04F79EFBC}") = "InstantTodo", "InstantTodo\InstantTodo.csproj", "{F135B2E9-FE2A-4980-A92A-CD1684370E50}"
EndProject
Global
	GlobalSection(SolutionConfigurationPlatforms) = preSolution
		Debug|Any CPU = Debug|Any CPU
		Release|Any CPU = Release|Any CPU
	EndGlobalSection
	GlobalSection(ProjectConfigurationPlatforms) = postSolution
		{F135B2E9-FE2A-4980-A92A-CD1684370E50}.Debug|Any CPU.ActiveCfg = Debug|Any CPU
		{F135B2E9-FE2A-4980-A92A-CD1684370E50}.Debug|Any CPU.Build.0 = Debug|Any CPU
		{F135B2E9-FE2A-4980-A92A-CD1684370E50}.Release|Any CPU.ActiveCfg = Release|Any CPU
		{F135B2E9-FE2A-4980-A92A-CD1684370E50}.Release|Any CPU.Build.0 = Release|Any CPU
	EndGlobalSection
	GlobalSection(SolutionProperties) = preSolution
		HideSolutionNode = FALSE
	EndGlobalSection
	GlobalSection(ExtensibilityGlobals) = postSolution
		SolutionGuid = {4BC03E8E-577A-48C5-8B48-F07FE7D1069A}
	EndGlobalSection
EndGlobal
